
Microsoft Visual Studio Solution File, Format Version 12.00
Project("{FAE04EC0-301F-11D3-BF4B-00C04F79EFBC}") = "BaronsBounties", "BaronsBounties.csproj", "{BA27E42F-178C-4E35-B13E-6AF43769E5C0}"
EndProject
Global
	GlobalSection(SolutionConfigurationPlatforms) = preSolution
		Debug|Any CPU = Debug|Any CPU
		Release|Any CPU = Release|Any CPU
	EndGlobalSection
	GlobalSection(ProjectConfigurationPlatforms) = postSolution
		{BA27E42F-178C-4E35-B13E-6AF43769E5C0}.Debug|Any CPU.ActiveCfg = Debug|Any CPU
		{BA27E42F-178C-4E35-B13E-6AF43769E5C0}.Debug|Any CPU.Build.0 = Debug|Any CPU
		{BA27E42F-178C-4E35-B13E-6AF43769E5C0}.Release|Any CPU.ActiveCfg = Release|Any CPU
		{BA27E42F-178C-4E35-B13E-6AF43769E5C0}.Release|Any CPU.Build.0 = Release|Any CPU
	EndGlobalSection
EndGlobal
